
Microsoft Visual Studio Solution File, Format Version 12.00
# Visual Studio Version 17
VisualStudioVersion = 17.4.33213.308
MinimumVisualStudioVersion = 10.0.40219.1
Project("{8BC9CEB8-8B4A-11D0-8D11-00A0C91BC942}") = "si prac task 6", "si prac task 6\si prac task 6.vcxproj", "{28E23F88-8259-4B33-BC83-DCF7D80EA102}"
EndProject
Global
	GlobalSection(SolutionConfigurationPlatforms) = preSolution
		Debug|x64 = Debug|x64
		Debug|x86 = Debug|x86
		Release|x64 = Release|x64
		Release|x86 = Release|x86
	EndGlobalSection
	GlobalSection(ProjectConfigurationPlatforms) = postSolution
		{28E23F88-8259-4B33-BC83-DCF7D80EA102}.Debug|x64.ActiveCfg = Debug|x64
		{28E23F88-8259-4B33-BC83-DCF7D80EA102}.Debug|x64.Build.0 = Debug|x64
		{28E23F88-8259-4B33-BC83-DCF7D80EA102}.Debug|x86.ActiveCfg = Debug|Win32
		{28E23F88-8259-4B33-BC83-DCF7D80EA102}.Debug|x86.Build.0 = Debug|Win32
		{28E23F88-8259-4B33-BC83-DCF7D80EA102}.Release|x64.ActiveCfg = Release|x64
		{28E23F88-8259-4B33-BC83-DCF7D80EA102}.Release|x64.Build.0 = Release|x64
		{28E23F88-8259-4B33-BC83-DCF7D80EA102}.Release|x86.ActiveCfg = Release|Win32
		{28E23F88-8259-4B33-BC83-DCF7D80EA102}.Release|x86.Build.0 = Release|Win32
	EndGlobalSection
	GlobalSection(SolutionProperties) = preSolution
		HideSolutionNode = FALSE
	EndGlobalSection
	GlobalSection(ExtensibilityGlobals) = postSolution
		SolutionGuid = {9F77EE45-2E0F-49F7-9A85-24DE3DC86F43}
	EndGlobalSection
EndGlobal
